// !$*UTF8*$!
{
	archiveVersion = 1;
	classes = {
	};
	objectVersion = 46;
	objects = {

/* Begin PBXBuildFile section */
		4D1F55071C126EB7005A1A5F /* CalculatorModel.swift in Sources */ = {isa = PBXBuildFile; fileRef = 4D1F55061C126EB7005A1A5F /* CalculatorModel.swift */; };
		4D7FA11C1C114F71001C5118 /* AppDelegate.swift in Sources */ = {isa = PBXBuildFile; fileRef = 4D7FA11B1C114F71001C5118 /* AppDelegate.swift */; };
		4D7FA11E1C114F71001C5118 /* ViewController.swift in Sources */ = {isa = PBXBuildFile; fileRef = 4D7FA11D1C114F71001C5118 /* ViewController.swift */; };
		4D7FA1211C114F72001C5118 /* Main.storyboard in Resources */ = {isa = PBXBuildFile; fileRef = 4D7FA11F1C114F72001C5118 /* Main.storyboard */; };
		4D7FA1231C114F72001C5118 /* Assets.xcassets in Resources */ = {isa = PBXBuildFile; fileRef = 4D7FA1221C114F72001C5118 /* Assets.xcassets */; };
		4D7FA1261C114F72001C5118 /* LaunchScreen.storyboard in Resources */ = {isa = PBXBuildFile; fileRef = 4D7FA1241C114F72001C5118 /* LaunchScreen.storyboard */; };
		4D7FA1311C114F72001C5118 /* CalculatorTests.swift in Sources */ = {isa = PBXBuildFile; fileRef = 4D7FA1301C114F72001C5118 /* CalculatorTests.swift */; };
		4D7FA13C1C114F72001C5118 /* CalculatorUITests.swift in Sources */ = {isa = PBXBuildFile; fileRef = 4D7FA13B1C114F72001C5118 /* CalculatorUITests.swift */; };
/* End PBXBuildFile section */

/* Begin PBXContainerItemProxy section */
		4D7FA12D1C114F72001C5118 /* PBXContainerItemProxy */ = {
			isa = PBXContainerItemProxy;
			containerPortal = 4D7FA1101C114F71001C5118 /* Project object */;
			proxyType = 1;
			remoteGlobalIDString = 4D7FA1171C114F71001C5118;
			remoteInfo = Calculator;
		};
		4D7FA1381C114F72001C5118 /* PBXContainerItemProxy */ = {
			isa = PBXContainerItemProxy;
			containerPortal = 4D7FA1101C114F71001C5118 /* Project object */;
			proxyType = 1;
			remoteGlobalIDString = 4D7FA1171C114F71001C5118;
			remoteInfo = Calculator;
		};
/* End PBXContainerItemProxy section */

/* Begin PBXFileReference section */
		4D1F55061C126EB7005A1A5F /* CalculatorModel.swift */ = {isa = PBXFileReference; fileEncoding = 4; lastKnownFileType = sourcecode.swift; path = CalculatorModel.swift; sourceTree = "<group>"; };
		4D7FA1181C114F71001C5118 /* Calculator.app */ = {isa = PBXFileReference; explicitFileType = wrapper.application; includeInIndex = 0; path = Calculator.app; sourceTree = BUILT_PRODUCTS_DIR; };
		4D7FA11B1C114F71001C5118 /* AppDelegate.swift */ = {isa = PBXFileReference; lastKnownFileType = sourcecode.swift; path = AppDelegate.swift; sourceTree = "<group>"; };
		4D7FA11D1C114F71001C5118 /* ViewController.swift */ = {isa = PBXFileReference; lastKnownFileType = sourcecode.swift; path = ViewController.swift; sourceTree = "<group>"; };
		4D7FA1201C114F72001C5118 /* Base */ = {isa = PBXFileReference; lastKnownFileType = file.storyboard; name = Base; path = Base.lproj/Main.storyboard; sourceTree = "<group>"; };
		4D7FA1221C114F72001C5118 /* Assets.xcassets */ = {isa = PBXFileReference; lastKnownFileType = folder.assetcatalog; path = Assets.xcassets; sourceTree = "<group>"; };
		4D7FA1251C114F72001C5118 /* Base */ = {isa = PBXFileReference; lastKnownFileType = file.storyboard; name = Base; path = Base.lproj/LaunchScreen.storyboard; sourceTree = "<group>"; };
		4D7FA1271C114F72001C5118 /* Info.plist */ = {isa = PBXFileReference; lastKnownFileType = text.plist.xml; path = Info.plist; sourceTree = "<group>"; };
		4D7FA12C1C114F72001C5118 /* CalculatorTests.xctest */ = {isa = PBXFileReference; explicitFileType = wrapper.cfbundle; includeInIndex = 0; path = CalculatorTests.xctest; sourceTree = BUILT_PRODUCTS_DIR; };
		4D7FA1301C114F72001C5118 /* CalculatorTests.swift */ = {isa = PBXFileReference; lastKnownFileType = sourcecode.swift; path = CalculatorTests.swift; sourceTree = "<group>"; };
		4D7FA1321C114F72001C5118 /* Info.plist */ = {isa = PBXFileReference; lastKnownFileType = text.plist.xml; path = Info.plist; sourceTree = "<group>"; };
		4D7FA1371C114F72001C5118 /* CalculatorUITests.xctest */ = {isa = PBXFileReference; explicitFileType = wrapper.cfbundle; includeInIndex = 0; path = CalculatorUITests.xctest; sourceTree = BUILT_PRODUCTS_DIR; };
		4D7FA13B1C114F72001C5118 /* CalculatorUITests.swift */ = {isa = PBXFileReference; lastKnownFileType = sourcecode.swift; path = CalculatorUITests.swift; sourceTree = "<group>"; };
		4D7FA13D1C114F72001C5118 /* Info.plist */ = {isa = PBXFileReference; lastKnownFileType = text.plist.xml; path = Info.plist; sourceTree = "<group>"; };
/* End PBXFileReference section */

/* Begin PBXFrameworksBuildPhase section */
		4D7FA1151C114F71001C5118 /* Frameworks */ = {
			isa = PBXFrameworksBuildPhase;
			buildActionMask = 2147483647;
			files = (
			);
			runOnlyForDeploymentPostprocessing = 0;
		};
		4D7FA1291C114F72001C5118 /* Frameworks */ = {
			isa = PBXFrameworksBuildPhase;
			buildActionMask = 2147483647;
			files = (
			);
			runOnlyForDeploymentPostprocessing = 0;
		};
		4D7FA1341C114F72001C5118 /* Frameworks */ = {
			isa = PBXFrameworksBuildPhase;
			buildActionMask = 2147483647;
			files = (
			);
			runOnlyForDeploymentPostprocessing = 0;
		};
/* End PBXFrameworksBuildPhase section */

/* Begin PBXGroup section */
		4D7FA10F1C114F71001C5118 = {
			isa = PBXGroup;
			children = (
				4D7FA11A1C114F71001C5118 /* Calculator */,
				4D7FA12F1C114F72001C5118 /* CalculatorTests */,
				4D7FA13A1C114F72001C5118 /* CalculatorUITests */,
				4D7FA1191C114F71001C5118 /* Products */,
			);
			sourceTree = "<group>";
		};
		4D7FA1191C114F71001C5118 /* Products */ = {
			isa = PBXGroup;
			children = (
				4D7FA1181C114F71001C5118 /* Calculator.app */,
				4D7FA12C1C114F72001C5118 /* CalculatorTests.xctest */,
				4D7FA1371C114F72001C5118 /* CalculatorUITests.xctest */,
			);
			name = Products;
			sourceTree = "<group>";
		};
		4D7FA11A1C114F71001C5118 /* Calculator */ = {
			isa = PBXGroup;
			children = (
				4D7FA11B1C114F71001C5118 /* AppDelegate.swift */,
				4D7FA11D1C114F71001C5118 /* ViewController.swift */,
				4D7FA11F1C114F72001C5118 /* Main.storyboard */,
				4D1F55061C126EB7005A1A5F /* CalculatorModel.swift */,
				4D7FA1221C114F72001C5118 /* Assets.xcassets */,
				4D7FA1241C114F72001C5118 /* LaunchScreen.storyboard */,
				4D7FA1271C114F72001C5118 /* Info.plist */,
			);
			path = Calculator;
			sourceTree = "<group>";
		};
		4D7FA12F1C114F72001C5118 /* CalculatorTests */ = {
			isa = PBXGroup;
			children = (
				4D7FA1301C114F72001C5118 /* CalculatorTests.swift */,
				4D7FA1321C114F72001C5118 /* Info.plist */,
			);
			path = CalculatorTests;
			sourceTree = "<group>";
		};
		4D7FA13A1C114F72001C5118 /* CalculatorUITests */ = {
			isa = PBXGroup;
			children = (
				4D7FA13B1C114F72001C5118 /* CalculatorUITests.swift */,
				4D7FA13D1C114F72001C5118 /* Info.plist */,
			);
			path = CalculatorUITests;
			sourceTree = "<group>";
		};
/* End PBXGroup section */

/* Begin PBXNativeTarget section */
		4D7FA1171C114F71001C5118 /* Calculator */ = {
			isa = PBXNativeTarget;
			buildConfigurationList = 4D7FA1401C114F72001C5118 /* Build configuration list for PBXNativeTarget "Calculator" */;
			buildPhases = (
				4D7FA1141C114F71001C5118 /* Sources */,
				4D7FA1151C114F71001C5118 /* Frameworks */,
				4D7FA1161C114F71001C5118 /* Resources */,
			);
			buildRules = (
			);
			dependencies = (
			);
			name = Calculator;
			productName = Calculator;
			productReference = 4D7FA1181C114F71001C5118 /* Calculator.app */;
			productType = "com.apple.product-type.application";
		};
		4D7FA12B1C114F72001C5118 /* CalculatorTests */ = {
			isa = PBXNativeTarget;
			buildConfigurationList = 4D7FA1431C114F72001C5118 /* Build configuration list for PBXNativeTarget "CalculatorTests" */;
			buildPhases = (
				4D7FA1281C114F72001C5118 /* Sources */,
				4D7FA1291C114F72001C5118 /* Frameworks */,
				4D7FA12A1C114F72001C5118 /* Resources */,
			);
			buildRules = (
			);
			dependencies = (
				4D7FA12E1C114F72001C5118 /* PBXTargetDependency */,
			);
			name = CalculatorTests;
			productName = CalculatorTests;
			productReference = 4D7FA12C1C114F72001C5118 /* CalculatorTests.xctest */;
			productType = "com.apple.product-type.bundle.unit-test";
		};
		4D7FA1361C114F72001C5118 /* CalculatorUITests */ = {
			isa = PBXNativeTarget;
			buildConfigurationList = 4D7FA1461C114F72001C5118 /* Build configuration list for PBXNativeTarget "CalculatorUITests" */;
			buildPhases = (
				4D7FA1331C114F72001C5118 /* Sources */,
				4D7FA1341C114F72001C5118 /* Frameworks */,
				4D7FA1351C114F72001C5118 /* Resources */,
			);
			buildRules = (
			);
			dependencies = (
				4D7FA1391C114F72001C5118 /* PBXTargetDependency */,
			);
			name = CalculatorUITests;
			productName = CalculatorUITests;
			productReference = 4D7FA1371C114F72001C5118 /* CalculatorUITests.xctest */;
			productType = "com.apple.product-type.bundle.ui-testing";
		};
/* End PBXNativeTarget section */

/* Begin PBXProject section */
		4D7FA1101C114F71001C5118 /* Project object */ = {
			isa = PBXProject;
			attributes = {
				LastSwiftUpdateCheck = 0710;
				LastUpgradeCheck = 0710;
				ORGANIZATIONNAME = "Mark Nichols";
				TargetAttributes = {
					4D7FA1171C114F71001C5118 = {
						CreatedOnToolsVersion = 7.1.1;
					};
					4D7FA12B1C114F72001C5118 = {
						CreatedOnToolsVersion = 7.1.1;
						TestTargetID = 4D7FA1171C114F71001C5118;
					};
					4D7FA1361C114F72001C5118 = {
						CreatedOnToolsVersion = 7.1.1;
						TestTargetID = 4D7FA1171C114F71001C5118;
					};
				};
			};
			buildConfigurationList = 4D7FA1131C114F71001C5118 /* Build configuration list for PBXProject "Calculator" */;
			compatibilityVersion = "Xcode 3.2";
			developmentRegion = English;
			hasScannedForEncodings = 0;
			knownRegions = (
				en,
				Base,
			);
			mainGroup = 4D7FA10F1C114F71001C5118;
			productRefGroup = 4D7FA1191C114F71001C5118 /* Products */;
			projectDirPath = "";
			projectRoot = "";
			targets = (
				4D7FA1171C114F71001C5118 /* Calculator */,
				4D7FA12B1C114F72001C5118 /* CalculatorTests */,
				4D7FA1361C114F72001C5118 /* CalculatorUITests */,
			);
		};
/* End PBXProject section */

/* Begin PBXResourcesBuildPhase section */
		4D7FA1161C114F71001C5118 /* Resources */ = {
			isa = PBXResourcesBuildPhase;
			buildActionMask = 2147483647;
			files = (
				4D7FA1261C114F72001C5118 /* LaunchScreen.storyboard in Resources */,
				4D7FA1231C114F72001C5118 /* Assets.xcassets in Resources */,
				4D7FA1211C114F72001C5118 /* Main.storyboard in Resources */,
			);
			runOnlyForDeploymentPostprocessing = 0;
		};
		4D7FA12A1C114F72001C5118 /* Resources */ = {
			isa = PBXResourcesBuildPhase;
			buildActionMask = 2147483647;
			files = (
			);
			runOnlyForDeploymentPostprocessing = 0;
		};
		4D7FA1351C114F72001C5118 /* Resources */ = {
			isa = PBXResourcesBuildPhase;
			buildActionMask = 2147483647;
			files = (
			);
			runOnlyForDeploymentPostprocessing = 0;
		};
/* End PBXResourcesBuildPhase section */

/* Begin PBXSourcesBuildPhase section */
		4D7FA1141C114F71001C5118 /* Sources */ = {
			isa = PBXSourcesBuildPhase;
			buildActionMask = 2147483647;
			files = (
				4D1F55071C126EB7005A1A5F /* CalculatorModel.swift in Sources */,
				4D7FA11E1C114F71001C5118 /* ViewController.swift in Sources */,
				4D7FA11C1C114F71001C5118 /* AppDelegate.swift in Sources */,
			);
			runOnlyForDeploymentPostprocessing = 0;
		};
		4D7FA1281C114F72001C5118 /* Sources */ = {
			isa = PBXSourcesBuildPhase;
			buildActionMask = 2147483647;
			files = (
				4D7FA1311C114F72001C5118 /* CalculatorTests.swift in Sources */,
			);
			runOnlyForDeploymentPostprocessing = 0;
		};
		4D7FA1331C114F72001C5118 /* Sources */ = {
			isa = PBXSourcesBuildPhase;
			buildActionMask = 2147483647;
			files = (
				4D7FA13C1C114F72001C5118 /* CalculatorUITests.swift in Sources */,
			);
			runOnlyForDeploymentPostprocessing = 0;
		};
/* End PBXSourcesBuildPhase section */

/* Begin PBXTargetDependency section */
		4D7FA12E1C114F72001C5118 /* PBXTargetDependency */ = {
			isa = PBXTargetDependency;
			target = 4D7FA1171C114F71001C5118 /* Calculator */;
			targetProxy = 4D7FA12D1C114F72001C5118 /* PBXContainerItemProxy */;
		};
		4D7FA1391C114F72001C5118 /* PBXTargetDependency */ = {
			isa = PBXTargetDependency;
			target = 4D7FA1171C114F71001C5118 /* Calculator */;
			targetProxy = 4D7FA1381C114F72001C5118 /* PBXContainerItemProxy */;
		};
/* End PBXTargetDependency section */

/* Begin PBXVariantGroup section */
		4D7FA11F1C114F72001C5118 /* Main.storyboard */ = {
			isa = PBXVariantGroup;
			children = (
				4D7FA1201C114F72001C5118 /* Base */,
			);
			name = Main.storyboard;
			sourceTree = "<group>";
		};
		4D7FA1241C114F72001C5118 /* LaunchScreen.storyboard */ = {
			isa = PBXVariantGroup;
			children = (
				4D7FA1251C114F72001C5118 /* Base */,
			);
			name = LaunchScreen.storyboard;
			sourceTree = "<group>";
		};
/* End PBXVariantGroup section */

/* Begin XCBuildConfiguration section */
		4D7FA13E1C114F72001C5118 /* Debug */ = {
			isa = XCBuildConfiguration;
			buildSettings = {
				ALWAYS_SEARCH_USER_PATHS = NO;
				CLANG_CXX_LANGUAGE_STANDARD = "gnu++0x";
				CLANG_CXX_LIBRARY = "libc++";
				CLANG_ENABLE_MODULES = YES;
				CLANG_ENABLE_OBJC_ARC = YES;
				CLANG_WARN_BOOL_CONVERSION = YES;
				CLANG_WARN_CONSTANT_CONVERSION = YES;
				CLANG_WARN_DIRECT_OBJC_ISA_USAGE = YES_ERROR;
				CLANG_WARN_EMPTY_BODY = YES;
				CLANG_WARN_ENUM_CONVERSION = YES;
				CLANG_WARN_INT_CONVERSION = YES;
				CLANG_WARN_OBJC_ROOT_CLASS = YES_ERROR;
				CLANG_WARN_UNREACHABLE_CODE = YES;
				CLANG_WARN__DUPLICATE_METHOD_MATCH = YES;
				"CODE_SIGN_IDENTITY[sdk=iphoneos*]" = "iPhone Developer";
				COPY_PHASE_STRIP = NO;
				DEBUG_INFORMATION_FORMAT = dwarf;
				ENABLE_STRICT_OBJC_MSGSEND = YES;
				ENABLE_TESTABILITY = YES;
				GCC_C_LANGUAGE_STANDARD = gnu99;
				GCC_DYNAMIC_NO_PIC = NO;
				GCC_NO_COMMON_BLOCKS = YES;
				GCC_OPTIMIZATION_LEVEL = 0;
				GCC_PREPROCESSOR_DEFINITIONS = (
					"DEBUG=1",
					"$(inherited)",
				);
				GCC_WARN_64_TO_32_BIT_CONVERSION = YES;
				GCC_WARN_ABOUT_RETURN_TYPE = YES_ERROR;
				GCC_WARN_UNDECLARED_SELECTOR = YES;
				GCC_WARN_UNINITIALIZED_AUTOS = YES_AGGRESSIVE;
				GCC_WARN_UNUSED_FUNCTION = YES;
				GCC_WARN_UNUSED_VARIABLE = YES;
				IPHONEOS_DEPLOYMENT_TARGET = 9.1;
				MTL_ENABLE_DEBUG_INFO = YES;
				ONLY_ACTIVE_ARCH = YES;
				SDKROOT = iphoneos;
				SWIFT_OPTIMIZATION_LEVEL = "-Onone";
				TARGETED_DEVICE_FAMILY = "1,2";
			};
			name = Debug;
		};
		4D7FA13F1C114F72001C5118 /* Release */ = {
			isa = XCBuildConfiguration;
			buildSettings = {
				ALWAYS_SEARCH_USER_PATHS = NO;
				CLANG_CXX_LANGUAGE_STANDARD = "gnu++0x";
				CLANG_CXX_LIBRARY = "libc++";
				CLANG_ENABLE_MODULES = YES;
				CLANG_ENABLE_OBJC_ARC = YES;
				CLANG_WARN_BOOL_CONVERSION = YES;
				CLANG_WARN_CONSTANT_CONVERSION = YES;
				CLANG_WARN_DIRECT_OBJC_ISA_USAGE = YES_ERROR;
				CLANG_WARN_EMPTY_BODY = YES;
				CLANG_WARN_ENUM_CONVERSION = YES;
				CLANG_WARN_INT_CONVERSION = YES;
				CLANG_WARN_OBJC_ROOT_CLASS = YES_ERROR;
				CLANG_WARN_UNREACHABLE_CODE = YES;
				CLANG_WARN__DUPLICATE_METHOD_MATCH = YES;
				"CODE_SIGN_IDENTITY[sdk=iphoneos*]" = "iPhone Developer";
				COPY_PHASE_STRIP = NO;
				DEBUG_INFORMATION_FORMAT = "dwarf-with-dsym";
				ENABLE_NS_ASSERTIONS = NO;
				ENABLE_STRICT_OBJC_MSGSEND = YES;
				GCC_C_LANGUAGE_STANDARD = gnu99;
				GCC_NO_COMMON_BLOCKS = YES;
				GCC_WARN_64_TO_32_BIT_CONVERSION = YES;
				GCC_WARN_ABOUT_RETURN_TYPE = YES_ERROR;
				GCC_WARN_UNDECLARED_SELECTOR = YES;
				GCC_WARN_UNINITIALIZED_AUTOS = YES_AGGRESSIVE;
				GCC_WARN_UNUSED_FUNCTION = YES;
				GCC_WARN_UNUSED_VARIABLE = YES;
				IPHONEOS_DEPLOYMENT_TARGET = 9.1;
				MTL_ENABLE_DEBUG_INFO = NO;
				SDKROOT = iphoneos;
				TARGETED_DEVICE_FAMILY = "1,2";
				VALIDATE_PRODUCT = YES;
			};
			name = Release;
		};
		4D7FA1411C114F72001C5118 /* Debug */ = {
			isa = XCBuildConfiguration;
			buildSettings = {
				ASSETCATALOG_COMPILER_APPICON_NAME = AppIcon;
				INFOPLIST_FILE = Calculator/Info.plist;
				LD_RUNPATH_SEARCH_PATHS = "$(inherited) @executable_path/Frameworks";
				PRODUCT_BUNDLE_IDENTIFIER = net.zanshin.Calculator;
				PRODUCT_NAME = "$(TARGET_NAME)";
			};
			name = Debug;
		};
		4D7FA1421C114F72001C5118 /* Release */ = {
			isa = XCBuildConfiguration;
			buildSettings = {
				ASSETCATALOG_COMPILER_APPICON_NAME = AppIcon;
				INFOPLIST_FILE = Calculator/Info.plist;
				LD_RUNPATH_SEARCH_PATHS = "$(inherited) @executable_path/Frameworks";
				PRODUCT_BUNDLE_IDENTIFIER = net.zanshin.Calculator;
				PRODUCT_NAME = "$(TARGET_NAME)";
			};
			name = Release;
		};
		4D7FA1441C114F72001C5118 /* Debug */ = {
			isa = XCBuildConfiguration;
			buildSettings = {
				BUNDLE_LOADER = "$(TEST_HOST)";
				INFOPLIST_FILE = CalculatorTests/Info.plist;
				LD_RUNPATH_SEARCH_PATHS = "$(inherited) @executable_path/Frameworks @loader_path/Frameworks";
				PRODUCT_BUNDLE_IDENTIFIER = net.zanshin.CalculatorTests;
				PRODUCT_NAME = "$(TARGET_NAME)";
				TEST_HOST = "$(BUILT_PRODUCTS_DIR)/Calculator.app/Calculator";
			};
			name = Debug;
		};
		4D7FA1451C114F72001C5118 /* Release */ = {
			isa = XCBuildConfiguration;
			buildSettings = {
				BUNDLE_LOADER = "$(TEST_HOST)";
				INFOPLIST_FILE = CalculatorTests/Info.plist;
				LD_RUNPATH_SEARCH_PATHS = "$(inherited) @executable_path/Frameworks @loader_path/Frameworks";
				PRODUCT_BUNDLE_IDENTIFIER = net.zanshin.CalculatorTests;
				PRODUCT_NAME = "$(TARGET_NAME)";
				TEST_HOST = "$(BUILT_PRODUCTS_DIR)/Calculator.app/Calculator";
			};
			name = Release;
		};
		4D7FA1471C114F72001C5118 /* Debug */ = {
			isa = XCBuildConfiguration;
			buildSettings = {
				INFOPLIST_FILE = CalculatorUITests/Info.plist;
				LD_RUNPATH_SEARCH_PATHS = "$(inherited) @executable_path/Frameworks @loader_path/Frameworks";
				PRODUCT_BUNDLE_IDENTIFIER = net.zanshin.CalculatorUITests;
				PRODUCT_NAME = "$(TARGET_NAME)";
				TEST_TARGET_NAME = Calculator;
				USES_XCTRUNNER = YES;
			};
			name = Debug;
		};
		4D7FA1481C114F72001C5118 /* Release */ = {
			isa = XCBuildConfiguration;
			buildSettings = {
				INFOPLIST_FILE = CalculatorUITests/Info.plist;
				LD_RUNPATH_SEARCH_PATHS = "$(inherited) @executable_path/Frameworks @loader_path/Frameworks";
				PRODUCT_BUNDLE_IDENTIFIER = net.zanshin.CalculatorUITests;
				PRODUCT_NAME = "$(TARGET_NAME)";
				TEST_TARGET_NAME = Calculator;
				USES_XCTRUNNER = YES;
			};
			name = Release;
		};
/* End XCBuildConfiguration section */

/* Begin XCConfigurationList section */
		4D7FA1131C114F71001C5118 /* Build configuration list for PBXProject "Calculator" */ = {
			isa = XCConfigurationList;
			buildConfigurations = (
				4D7FA13E1C114F72001C5118 /* Debug */,
				4D7FA13F1C114F72001C5118 /* Release */,
			);
			defaultConfigurationIsVisible = 0;
			defaultConfigurationName = Release;
		};
		4D7FA1401C114F72001C5118 /* Build configuration list for PBXNativeTarget "Calculator" */ = {
			isa = XCConfigurationList;
			buildConfigurations = (
				4D7FA1411C114F72001C5118 /* Debug */,
				4D7FA1421C114F72001C5118 /* Release */,
			);
			defaultConfigurationIsVisible = 0;
			defaultConfigurationName = Release;
		};
		4D7FA1431C114F72001C5118 /* Build configuration list for PBXNativeTarget "CalculatorTests" */ = {
			isa = XCConfigurationList;
			buildConfigurations = (
				4D7FA1441C114F72001C5118 /* Debug */,
				4D7FA1451C114F72001C5118 /* Release */,
			);
			defaultConfigurationIsVisible = 0;
			defaultConfigurationName = Release;
		};
		4D7FA1461C114F72001C5118 /* Build configuration list for PBXNativeTarget "CalculatorUITests" */ = {
			isa = XCConfigurationList;
			buildConfigurations = (
				4D7FA1471C114F72001C5118 /* Debug */,
				4D7FA1481C114F72001C5118 /* Release */,
			);
			defaultConfigurationIsVisible = 0;
			defaultConfigurationName = Release;
		};
/* End XCConfigurationList section */
	};
	rootObject = 4D7FA1101C114F71001C5118 /* Project object */;
}
